
Microsoft Visual Studio Solution File, Format Version 12.00
# Visual Studio Version 16
VisualStudioVersion = 16.0.32929.386
MinimumVisualStudioVersion = 10.0.40219.1
Project("{8BC9CEB8-8B4A-11D0-8D11-00A0C91BC942}") = "pe disassembler", "pe disassembler\pe disassembler.vcxproj", "{11E961BD-B98D-4600-AD8C-A2B9303C9B51}"
EndProject
Project("{8BC9CEB8-8B4A-11D0-8D11-00A0C91BC942}") = "example", "example\example.vcxproj", "{B382A4F0-F786-4486-B956-755E9DE37952}"
EndProject
Global
	GlobalSection(SolutionConfigurationPlatforms) = preSolution
		Debug|x64 = Debug|x64
		Debug|x86 = Debug|x86
		Release|x64 = Release|x64
		Release|x86 = Release|x86
	EndGlobalSection
	GlobalSection(ProjectConfigurationPlatforms) = postSolution
		{11E961BD-B98D-4600-AD8C-A2B9303C9B51}.Debug|x64.ActiveCfg = Debug|x64
		{11E961BD-B98D-4600-AD8C-A2B9303C9B51}.Debug|x64.Build.0 = Debug|x64
		{11E961BD-B98D-4600-AD8C-A2B9303C9B51}.Debug|x86.ActiveCfg = Debug|Win32
		{11E961BD-B98D-4600-AD8C-A2B9303C9B51}.Debug|x86.Build.0 = Debug|Win32
		{11E961BD-B98D-4600-AD8C-A2B9303C9B51}.Release|x64.ActiveCfg = Release|x64
		{11E961BD-B98D-4600-AD8C-A2B9303C9B51}.Release|x64.Build.0 = Release|x64
		{11E961BD-B98D-4600-AD8C-A2B9303C9B51}.Release|x86.ActiveCfg = Release|Win32
		{11E961BD-B98D-4600-AD8C-A2B9303C9B51}.Release|x86.Build.0 = Release|Win32
		{B382A4F0-F786-4486-B956-755E9DE37952}.Debug|x64.ActiveCfg = Debug|x64
		{B382A4F0-F786-4486-B956-755E9DE37952}.Debug|x64.Build.0 = Debug|x64
		{B382A4F0-F786-4486-B956-755E9DE37952}.Debug|x86.ActiveCfg = Debug|Win32
		{B382A4F0-F786-4486-B956-755E9DE37952}.Debug|x86.Build.0 = Debug|Win32
		{B382A4F0-F786-4486-B956-755E9DE37952}.Release|x64.ActiveCfg = Release|x64
		{B382A4F0-F786-4486-B956-755E9DE37952}.Release|x64.Build.0 = Release|x64
		{B382A4F0-F786-4486-B956-755E9DE37952}.Release|x86.ActiveCfg = Release|Win32
		{B382A4F0-F786-4486-B956-755E9DE37952}.Release|x86.Build.0 = Release|Win32
	EndGlobalSection
	GlobalSection(SolutionProperties) = preSolution
		HideSolutionNode = FALSE
	EndGlobalSection
	GlobalSection(ExtensibilityGlobals) = postSolution
		SolutionGuid = {898D8B4D-2A15-443F-BBF3-FEB535632F37}
	EndGlobalSection
EndGlobal
